
Microsoft Visual Studio Solution File, Format Version 12.00
# Visual Studio 15
Project("{FAE04EC0-301F-11D3-BF4B-00C04F79EFBC}") = "Assembly-CSharp", "Assembly-CSharp.csproj", "{B757E083-4D08-06F6-5AEC-FECB4C76EFFB}"
EndProject
Global
	GlobalSection(SolutionConfigurationPlatforms) = preSolution
		Debug|Any CPU = Debug|Any CPU
		Release|Any CPU = Release|Any CPU
	EndGlobalSection
	GlobalSection(ProjectConfigurationPlatforms) = postSolution
		{B757E083-4D08-06F6-5AEC-FECB4C76EFFB}.Debug|Any CPU.ActiveCfg = Debug|Any CPU
		{B757E083-4D08-06F6-5AEC-FECB4C76EFFB}.Debug|Any CPU.Build.0 = Debug|Any CPU
		{B757E083-4D08-06F6-5AEC-FECB4C76EFFB}.Release|Any CPU.ActiveCfg = Release|Any CPU
		{B757E083-4D08-06F6-5AEC-FECB4C76EFFB}.Release|Any CPU.Build.0 = Release|Any CPU
	EndGlobalSection
	GlobalSection(SolutionProperties) = preSolution
		HideSolutionNode = FALSE
	EndGlobalSection
EndGlobal
